// !$*UTF8*$!
{
	archiveVersion = 1;
	classes = {
	};
	objectVersion = 77;
	objects = {

/* Begin PBXBuildFile section */
		58399B062F4C9274008689AD /* MarkdownView in Frameworks */ = {isa = PBXBuildFile; productRef = 58399B052F4C9274008689AD /* MarkdownView */; };
		5864EFE82F516FFA004FCE4C /* MarkdownUI in Frameworks */ = {isa = PBXBuildFile; productRef = 5864EFE72F516FFA004FCE4C /* MarkdownUI */; };
/* End PBXBuildFile section */

/* Begin PBXContainerItemProxy section */
		58399A9A2F4C9060008689AD /* PBXContainerItemProxy */ = {
			isa = PBXContainerItemProxy;
			containerPortal = 58399A822F4C9059008689AD /* Project object */;
			proxyType = 1;
			remoteGlobalIDString = 58399A892F4C9059008689AD;
			remoteInfo = "openclaw-deck-swift";
		};
		58399AA42F4C9060008689AD /* PBXContainerItemProxy */ = {
			isa = PBXContainerItemProxy;
			containerPortal = 58399A822F4C9059008689AD /* Project object */;
			proxyType = 1;
			remoteGlobalIDString = 58399A892F4C9059008689AD;
			remoteInfo = "openclaw-deck-swift";
		};
/* End PBXContainerItemProxy section */

/* Begin PBXFileReference section */
		58399A8A2F4C9059008689AD /* openclaw-deck-swift.app */ = {isa = PBXFileReference; explicitFileType = wrapper.application; includeInIndex = 0; path = "openclaw-deck-swift.app"; sourceTree = BUILT_PRODUCTS_DIR; };
		58399A992F4C9060008689AD /* openclaw-deck-swiftTests.xctest */ = {isa = PBXFileReference; explicitFileType = wrapper.cfbundle; includeInIndex = 0; path = "openclaw-deck-swiftTests.xctest"; sourceTree = BUILT_PRODUCTS_DIR; };
		58399AA32F4C9060008689AD /* openclaw-deck-swiftUITests.xctest */ = {isa = PBXFileReference; explicitFileType = wrapper.cfbundle; includeInIndex = 0; path = "openclaw-deck-swiftUITests.xctest"; sourceTree = BUILT_PRODUCTS_DIR; };
/* End PBXFileReference section */

/* Begin PBXFileSystemSynchronizedRootGroup section */
		58399A8C2F4C9059008689AD /* openclaw-deck-swift */ = {
			isa = PBXFileSystemSynchronizedRootGroup;
			path = "openclaw-deck-swift";
			sourceTree = "<group>";
		};
		58399A9C2F4C9060008689AD /* openclaw-deck-swiftTests */ = {
			isa = PBXFileSystemSynchronizedRootGroup;
			path = "openclaw-deck-swiftTests";
			sourceTree = "<group>";
		};
		58399AA62F4C9060008689AD /* openclaw-deck-swiftUITests */ = {
			isa = PBXFileSystemSynchronizedRootGroup;
			path = "openclaw-deck-swiftUITests";
			sourceTree = "<group>";
		};
/* End PBXFileSystemSynchronizedRootGroup section */

/* Begin PBXFrameworksBuildPhase section */
		58399A872F4C9059008689AD /* Frameworks */ = {
			isa = PBXFrameworksBuildPhase;
			buildActionMask = 2147483647;
			files = (
				58399B062F4C9274008689AD /* MarkdownView in Frameworks */,
				5864EFE82F516FFA004FCE4C /* MarkdownUI in Frameworks */,
			);
			runOnlyForDeploymentPostprocessing = 0;
		};
		58399A962F4C9060008689AD /* Frameworks */ = {
			isa = PBXFrameworksBuildPhase;
			buildActionMask = 2147483647;
			files = (
			);
			runOnlyForDeploymentPostprocessing = 0;
		};
		58399AA02F4C9060008689AD /* Frameworks */ = {
			isa = PBXFrameworksBuildPhase;
			buildActionMask = 2147483647;
			files = (
			);
			runOnlyForDeploymentPostprocessing = 0;
		};
/* End PBXFrameworksBuildPhase section */

/* Begin PBXGroup section */
		58399A812F4C9059008689AD = {
			isa = PBXGroup;
			children = (
				58399A8C2F4C9059008689AD /* openclaw-deck-swift */,
				58399A9C2F4C9060008689AD /* openclaw-deck-swiftTests */,
				58399AA62F4C9060008689AD /* openclaw-deck-swiftUITests */,
				58399A8B2F4C9059008689AD /* Products */,
			);
			sourceTree = "<group>";
		};
		58399A8B2F4C9059008689AD /* Products */ = {
			isa = PBXGroup;
			children = (
				58399A8A2F4C9059008689AD /* openclaw-deck-swift.app */,
				58399A992F4C9060008689AD /* openclaw-deck-swiftTests.xctest */,
				58399AA32F4C9060008689AD /* openclaw-deck-swiftUITests.xctest */,
			);
			name = Products;
			sourceTree = "<group>";
		};
/* End PBXGroup section */

/* Begin PBXNativeTarget section */
		58399A892F4C9059008689AD /* openclaw-deck-swift */ = {
			isa = PBXNativeTarget;
			buildConfigurationList = 58399AAD2F4C9060008689AD /* Build configuration list for PBXNativeTarget "openclaw-deck-swift" */;
			buildPhases = (
				58399A862F4C9059008689AD /* Sources */,
				58399A872F4C9059008689AD /* Frameworks */,
				58399A882F4C9059008689AD /* Resources */,
			);
			buildRules = (
			);
			dependencies = (
			);
			fileSystemSynchronizedGroups = (
				58399A8C2F4C9059008689AD /* openclaw-deck-swift */,
			);
			name = "openclaw-deck-swift";
			packageProductDependencies = (
				58399B052F4C9274008689AD /* MarkdownView */,
				5864EFE72F516FFA004FCE4C /* MarkdownUI */,
			);
			productName = "openclaw-deck-swift";
			productReference = 58399A8A2F4C9059008689AD /* openclaw-deck-swift.app */;
			productType = "com.apple.product-type.application";
		};
		58399A982F4C9060008689AD /* openclaw-deck-swiftTests */ = {
			isa = PBXNativeTarget;
			buildConfigurationList = 58399AB02F4C9060008689AD /* Build configuration list for PBXNativeTarget "openclaw-deck-swiftTests" */;
			buildPhases = (
				58399A952F4C9060008689AD /* Sources */,
				58399A962F4C9060008689AD /* Frameworks */,
				58399A972F4C9060008689AD /* Resources */,
			);
			buildRules = (
			);
			dependencies = (
				58399A9B2F4C9060008689AD /* PBXTargetDependency */,
			);
			fileSystemSynchronizedGroups = (
				58399A9C2F4C9060008689AD /* openclaw-deck-swiftTests */,
			);
			name = "openclaw-deck-swiftTests";
			packageProductDependencies = (
			);
			productName = "openclaw-deck-swiftTests";
			productReference = 58399A992F4C9060008689AD /* openclaw-deck-swiftTests.xctest */;
			productType = "com.apple.product-type.bundle.unit-test";
		};
		58399AA22F4C9060008689AD /* openclaw-deck-swiftUITests */ = {
			isa = PBXNativeTarget;
			buildConfigurationList = 58399AB32F4C9060008689AD /* Build configuration list for PBXNativeTarget "openclaw-deck-swiftUITests" */;
			buildPhases = (
				58399A9F2F4C9060008689AD /* Sources */,
				58399AA02F4C9060008689AD /* Frameworks */,
				58399AA12F4C9060008689AD /* Resources */,
			);
			buildRules = (
			);
			dependencies = (
				58399AA52F4C9060008689AD /* PBXTargetDependency */,
			);
			fileSystemSynchronizedGroups = (
				58399AA62F4C9060008689AD /* openclaw-deck-swiftUITests */,
			);
			name = "openclaw-deck-swiftUITests";
			packageProductDependencies = (
			);
			productName = "openclaw-deck-swiftUITests";
			productReference = 58399AA32F4C9060008689AD /* openclaw-deck-swiftUITests.xctest */;
			productType = "com.apple.product-type.bundle.ui-testing";
		};
/* End PBXNativeTarget section */

/* Begin PBXProject section */
		58399A822F4C9059008689AD /* Project object */ = {
			isa = PBXProject;
			attributes = {
				BuildIndependentTargetsInParallel = 1;
				LastSwiftUpdateCheck = 2620;
				LastUpgradeCheck = 2620;
				TargetAttributes = {
					58399A892F4C9059008689AD = {
						CreatedOnToolsVersion = 26.2;
					};
					58399A982F4C9060008689AD = {
						CreatedOnToolsVersion = 26.2;
						TestTargetID = 58399A892F4C9059008689AD;
					};
					58399AA22F4C9060008689AD = {
						CreatedOnToolsVersion = 26.2;
						TestTargetID = 58399A892F4C9059008689AD;
					};
				};
			};
			buildConfigurationList = 58399A852F4C9059008689AD /* Build configuration list for PBXProject "openclaw-deck-swift" */;
			developmentRegion = en;
			hasScannedForEncodings = 0;
			knownRegions = (
				en,
				"zh-Hans",
			);
			mainGroup = 58399A812F4C9059008689AD;
			minimizedProjectReferenceProxies = 1;
			packageReferences = (
				58399B042F4C9274008689AD /* XCRemoteSwiftPackageReference "MarkdownView" */,
				5864EFE62F516FFA004FCE4C /* XCRemoteSwiftPackageReference "swift-markdown-ui" */,
			);
			preferredProjectObjectVersion = 77;
			productRefGroup = 58399A8B2F4C9059008689AD /* Products */;
			projectDirPath = "";
			projectRoot = "";
			targets = (
				58399A892F4C9059008689AD /* openclaw-deck-swift */,
				58399A982F4C9060008689AD /* openclaw-deck-swiftTests */,
				58399AA22F4C9060008689AD /* openclaw-deck-swiftUITests */,
			);
		};
/* End PBXProject section */

/* Begin PBXResourcesBuildPhase section */
		58399A882F4C9059008689AD /* Resources */ = {
			isa = PBXResourcesBuildPhase;
			buildActionMask = 2147483647;
			files = (
			);
			runOnlyForDeploymentPostprocessing = 0;
		};
		58399A972F4C9060008689AD /* Resources */ = {
			isa = PBXResourcesBuildPhase;
			buildActionMask = 2147483647;
			files = (
			);
			runOnlyForDeploymentPostprocessing = 0;
		};
		58399AA12F4C9060008689AD /* Resources */ = {
			isa = PBXResourcesBuildPhase;
			buildActionMask = 2147483647;
			files = (
			);
			runOnlyForDeploymentPostprocessing = 0;
		};
/* End PBXResourcesBuildPhase section */

/* Begin PBXSourcesBuildPhase section */
		58399A862F4C9059008689AD /* Sources */ = {
			isa = PBXSourcesBuildPhase;
			buildActionMask = 2147483647;
			files = (
			);
			runOnlyForDeploymentPostprocessing = 0;
		};
		58399A952F4C9060008689AD /* Sources */ = {
			isa = PBXSourcesBuildPhase;
			buildActionMask = 2147483647;
			files = (
			);
			runOnlyForDeploymentPostprocessing = 0;
		};
		58399A9F2F4C9060008689AD /* Sources */ = {
			isa = PBXSourcesBuildPhase;
			buildActionMask = 2147483647;
			files = (
			);
			runOnlyForDeploymentPostprocessing = 0;
		};
/* End PBXSourcesBuildPhase section */

/* Begin PBXTargetDependency section */
		58399A9B2F4C9060008689AD /* PBXTargetDependency */ = {
			isa = PBXTargetDependency;
			target = 58399A892F4C9059008689AD /* openclaw-deck-swift */;
			targetProxy = 58399A9A2F4C9060008689AD /* PBXContainerItemProxy */;
		};
		58399AA52F4C9060008689AD /* PBXTargetDependency */ = {
			isa = PBXTargetDependency;
			target = 58399A892F4C9059008689AD /* openclaw-deck-swift */;
			targetProxy = 58399AA42F4C9060008689AD /* PBXContainerItemProxy */;
		};
/* End PBXTargetDependency section */

/* Begin XCBuildConfiguration section */
		58399AAB2F4C9060008689AD /* Debug */ = {
			isa = XCBuildConfiguration;
			buildSettings = {
				ALWAYS_SEARCH_USER_PATHS = NO;
				ASSETCATALOG_COMPILER_GENERATE_SWIFT_ASSET_SYMBOL_EXTENSIONS = YES;
				CLANG_ANALYZER_NONNULL = YES;
				CLANG_ANALYZER_NUMBER_OBJECT_CONVERSION = YES_AGGRESSIVE;
				CLANG_CXX_LANGUAGE_STANDARD = "gnu++20";
				CLANG_ENABLE_MODULES = YES;
				CLANG_ENABLE_OBJC_ARC = YES;
				CLANG_ENABLE_OBJC_WEAK = YES;
				CLANG_WARN_BLOCK_CAPTURE_AUTORELEASING = YES;
				CLANG_WARN_BOOL_CONVERSION = YES;
				CLANG_WARN_COMMA = YES;
				CLANG_WARN_CONSTANT_CONVERSION = YES;
				CLANG_WARN_DEPRECATED_OBJC_IMPLEMENTATIONS = YES;
				CLANG_WARN_DIRECT_OBJC_ISA_USAGE = YES_ERROR;
				CLANG_WARN_DOCUMENTATION_COMMENTS = YES;
				CLANG_WARN_EMPTY_BODY = YES;
				CLANG_WARN_ENUM_CONVERSION = YES;
				CLANG_WARN_INFINITE_RECURSION = YES;
				CLANG_WARN_INT_CONVERSION = YES;
				CLANG_WARN_NON_LITERAL_NULL_CONVERSION = YES;
				CLANG_WARN_OBJC_IMPLICIT_RETAIN_SELF = YES;
				CLANG_WARN_OBJC_LITERAL_CONVERSION = YES;
				CLANG_WARN_OBJC_ROOT_CLASS = YES_ERROR;
				CLANG_WARN_QUOTED_INCLUDE_IN_FRAMEWORK_HEADER = YES;
				CLANG_WARN_RANGE_LOOP_ANALYSIS = YES;
				CLANG_WARN_STRICT_PROTOTYPES = YES;
				CLANG_WARN_SUSPICIOUS_MOVE = YES;
				CLANG_WARN_UNGUARDED_AVAILABILITY = YES_AGGRESSIVE;
				CLANG_WARN_UNREACHABLE_CODE = YES;
				CLANG_WARN__DUPLICATE_METHOD_MATCH = YES;
				COPY_PHASE_STRIP = NO;
				DEBUG_INFORMATION_FORMAT = dwarf;
				ENABLE_STRICT_OBJC_MSGSEND = YES;
				ENABLE_TESTABILITY = YES;
				ENABLE_USER_SCRIPT_SANDBOXING = YES;
				GCC_C_LANGUAGE_STANDARD = gnu17;
				GCC_DYNAMIC_NO_PIC = NO;
				GCC_NO_COMMON_BLOCKS = YES;
				GCC_OPTIMIZATION_LEVEL = 0;
				GCC_PREPROCESSOR_DEFINITIONS = (
					"DEBUG=1",
					"$(inherited)",
				);
				GCC_WARN_64_TO_32_BIT_CONVERSION = YES;
				GCC_WARN_ABOUT_RETURN_TYPE = YES_ERROR;
				GCC_WARN_UNDECLARED_SELECTOR = YES;
				GCC_WARN_UNINITIALIZED_AUTOS = YES_AGGRESSIVE;
				GCC_WARN_UNUSED_FUNCTION = YES;
				GCC_WARN_UNUSED_VARIABLE = YES;
				LOCALIZATION_PREFERS_STRING_CATALOGS = YES;
				MTL_ENABLE_DEBUG_INFO = INCLUDE_SOURCE;
				MTL_FAST_MATH = YES;
				ONLY_ACTIVE_ARCH = YES;
				SWIFT_ACTIVE_COMPILATION_CONDITIONS = "DEBUG $(inherited)";
				SWIFT_OPTIMIZATION_LEVEL = "-Onone";
			};
			name = Debug;
		};
		58399AAC2F4C9060008689AD /* Release */ = {
			isa = XCBuildConfiguration;
			buildSettings = {
				ALWAYS_SEARCH_USER_PATHS = NO;
				ASSETCATALOG_COMPILER_GENERATE_SWIFT_ASSET_SYMBOL_EXTENSIONS = YES;
				CLANG_ANALYZER_NONNULL = YES;
				CLANG_ANALYZER_NUMBER_OBJECT_CONVERSION = YES_AGGRESSIVE;
				CLANG_CXX_LANGUAGE_STANDARD = "gnu++20";
				CLANG_ENABLE_MODULES = YES;
				CLANG_ENABLE_OBJC_ARC = YES;
				CLANG_ENABLE_OBJC_WEAK = YES;
				CLANG_WARN_BLOCK_CAPTURE_AUTORELEASING = YES;
				CLANG_WARN_BOOL_CONVERSION = YES;
				CLANG_WARN_COMMA = YES;
				CLANG_WARN_CONSTANT_CONVERSION = YES;
				CLANG_WARN_DEPRECATED_OBJC_IMPLEMENTATIONS = YES;
				CLANG_WARN_DIRECT_OBJC_ISA_USAGE = YES_ERROR;
				CLANG_WARN_DOCUMENTATION_COMMENTS = YES;
				CLANG_WARN_EMPTY_BODY = YES;
				CLANG_WARN_ENUM_CONVERSION = YES;
				CLANG_WARN_INFINITE_RECURSION = YES;
				CLANG_WARN_INT_CONVERSION = YES;
				CLANG_WARN_NON_LITERAL_NULL_CONVERSION = YES;
				CLANG_WARN_OBJC_IMPLICIT_RETAIN_SELF = YES;
				CLANG_WARN_OBJC_LITERAL_CONVERSION = YES;
				CLANG_WARN_OBJC_ROOT_CLASS = YES_ERROR;
				CLANG_WARN_QUOTED_INCLUDE_IN_FRAMEWORK_HEADER = YES;
				CLANG_WARN_RANGE_LOOP_ANALYSIS = YES;
				CLANG_WARN_STRICT_PROTOTYPES = YES;
				CLANG_WARN_SUSPICIOUS_MOVE = YES;
				CLANG_WARN_UNGUARDED_AVAILABILITY = YES_AGGRESSIVE;
				CLANG_WARN_UNREACHABLE_CODE = YES;
				CLANG_WARN__DUPLICATE_METHOD_MATCH = YES;
				COPY_PHASE_STRIP = NO;
				DEBUG_INFORMATION_FORMAT = "dwarf-with-dsym";
				ENABLE_NS_ASSERTIONS = NO;
				ENABLE_STRICT_OBJC_MSGSEND = YES;
				ENABLE_USER_SCRIPT_SANDBOXING = YES;
				GCC_C_LANGUAGE_STANDARD = gnu17;
				GCC_NO_COMMON_BLOCKS = YES;
				GCC_WARN_64_TO_32_BIT_CONVERSION = YES;
				GCC_WARN_ABOUT_RETURN_TYPE = YES_ERROR;
				GCC_WARN_UNDECLARED_SELECTOR = YES;
				GCC_WARN_UNINITIALIZED_AUTOS = YES_AGGRESSIVE;
				GCC_WARN_UNUSED_FUNCTION = YES;
				GCC_WARN_UNUSED_VARIABLE = YES;
				LOCALIZATION_PREFERS_STRING_CATALOGS = YES;
				MTL_ENABLE_DEBUG_INFO = NO;
				MTL_FAST_MATH = YES;
				SWIFT_COMPILATION_MODE = wholemodule;
			};
			name = Release;
		};
		58399AAE2F4C9060008689AD /* Debug */ = {
			isa = XCBuildConfiguration;
			buildSettings = {
				ASSETCATALOG_COMPILER_APPICON_NAME = AppIcon;
				ASSETCATALOG_COMPILER_GLOBAL_ACCENT_COLOR_NAME = AccentColor;
				CODE_SIGN_STYLE = Automatic;
				CURRENT_PROJECT_VERSION = 1;
				DEVELOPMENT_TEAM = 63F2TW9G35;
				ENABLE_APP_SANDBOX = YES;
				ENABLE_INCOMING_NETWORK_CONNECTIONS = YES;
				ENABLE_OUTGOING_NETWORK_CONNECTIONS = YES;
				ENABLE_PREVIEWS = YES;
				ENABLE_RESOURCE_ACCESS_AUDIO_INPUT = YES;
				ENABLE_RESOURCE_ACCESS_BLUETOOTH = NO;
				ENABLE_RESOURCE_ACCESS_CALENDARS = NO;
				ENABLE_RESOURCE_ACCESS_CAMERA = NO;
				ENABLE_RESOURCE_ACCESS_CONTACTS = NO;
				ENABLE_RESOURCE_ACCESS_LOCATION = NO;
				ENABLE_RESOURCE_ACCESS_PRINTING = NO;
				ENABLE_RESOURCE_ACCESS_USB = NO;
				ENABLE_USER_SELECTED_FILES = readonly;
				GENERATE_INFOPLIST_FILE = YES;
				INFOPLIST_KEY_NSBonjourServices = "_openclaw-gw._tcp";
				INFOPLIST_KEY_NSLocalNetworkUsageDescription = "需要发现局域网内的 OpenClaw Gateway";
				INFOPLIST_KEY_NSMicrophoneUsageDescription = "需要语音识别权限来进行语音输入";
				INFOPLIST_KEY_NSSpeechRecognitionUsageDescription = "需要麦克风权限来进行语音输入";
				"INFOPLIST_KEY_UIApplicationSceneManifest_Generation[sdk=iphoneos*]" = YES;
				"INFOPLIST_KEY_UIApplicationSceneManifest_Generation[sdk=iphonesimulator*]" = YES;
				"INFOPLIST_KEY_UIApplicationSupportsIndirectInputEvents[sdk=iphoneos*]" = YES;
				"INFOPLIST_KEY_UIApplicationSupportsIndirectInputEvents[sdk=iphonesimulator*]" = YES;
				"INFOPLIST_KEY_UILaunchScreen_Generation[sdk=iphoneos*]" = YES;
				"INFOPLIST_KEY_UILaunchScreen_Generation[sdk=iphonesimulator*]" = YES;
				"INFOPLIST_KEY_UIStatusBarStyle[sdk=iphoneos*]" = UIStatusBarStyleDefault;
				"INFOPLIST_KEY_UIStatusBarStyle[sdk=iphonesimulator*]" = UIStatusBarStyleDefault;
				INFOPLIST_KEY_UISupportedInterfaceOrientations_iPad = "UIInterfaceOrientationPortrait UIInterfaceOrientationPortraitUpsideDown UIInterfaceOrientationLandscapeLeft UIInterfaceOrientationLandscapeRight";
				INFOPLIST_KEY_UISupportedInterfaceOrientations_iPhone = "UIInterfaceOrientationPortrait UIInterfaceOrientationLandscapeLeft UIInterfaceOrientationLandscapeRight";
				IPHONEOS_DEPLOYMENT_TARGET = 26.2;
				LD_RUNPATH_SEARCH_PATHS = "@executable_path/Frameworks";
				"LD_RUNPATH_SEARCH_PATHS[sdk=macosx*]" = "@executable_path/../Frameworks";
				MACOSX_DEPLOYMENT_TARGET = 26.2;
				MARKETING_VERSION = 1.0;
				PRODUCT_BUNDLE_IDENTIFIER = "Alex.openclaw-deck-swift";
				PRODUCT_NAME = "$(TARGET_NAME)";
				REGISTER_APP_GROUPS = YES;
				SDKROOT = auto;
				STRING_CATALOG_GENERATE_SYMBOLS = YES;
				SUPPORTED_PLATFORMS = "iphoneos iphonesimulator macosx xros xrsimulator";
				SWIFT_APPROACHABLE_CONCURRENCY = YES;
				SWIFT_DEFAULT_ACTOR_ISOLATION = MainActor;
				SWIFT_EMIT_LOC_STRINGS = YES;
				SWIFT_UPCOMING_FEATURE_MEMBER_IMPORT_VISIBILITY = YES;
				SWIFT_VERSION = 5.0;
				TARGETED_DEVICE_FAMILY = "1,2,7";
				XROS_DEPLOYMENT_TARGET = 26.2;
			};
			name = Debug;
		};
		58399AAF2F4C9060008689AD /* Release */ = {
			isa = XCBuildConfiguration;
			buildSettings = {
				ASSETCATALOG_COMPILER_APPICON_NAME = AppIcon;
				ASSETCATALOG_COMPILER_GLOBAL_ACCENT_COLOR_NAME = AccentColor;
				CODE_SIGN_STYLE = Automatic;
				CURRENT_PROJECT_VERSION = 1;
				DEVELOPMENT_TEAM = 63F2TW9G35;
				ENABLE_APP_SANDBOX = YES;
				ENABLE_INCOMING_NETWORK_CONNECTIONS = YES;
				ENABLE_OUTGOING_NETWORK_CONNECTIONS = YES;
				ENABLE_PREVIEWS = YES;
				ENABLE_RESOURCE_ACCESS_AUDIO_INPUT = YES;
				ENABLE_RESOURCE_ACCESS_BLUETOOTH = NO;
				ENABLE_RESOURCE_ACCESS_CALENDARS = NO;
				ENABLE_RESOURCE_ACCESS_CAMERA = NO;
				ENABLE_RESOURCE_ACCESS_CONTACTS = NO;
				ENABLE_RESOURCE_ACCESS_LOCATION = NO;
				ENABLE_RESOURCE_ACCESS_PRINTING = NO;
				ENABLE_RESOURCE_ACCESS_USB = NO;
				ENABLE_USER_SELECTED_FILES = readonly;
				GENERATE_INFOPLIST_FILE = YES;
				INFOPLIST_KEY_NSBonjourServices = "_openclaw-gw._tcp";
				INFOPLIST_KEY_NSLocalNetworkUsageDescription = "需要发现局域网内的 OpenClaw Gateway";
				INFOPLIST_KEY_NSMicrophoneUsageDescription = "需要语音识别权限来进行语音输入";
				INFOPLIST_KEY_NSSpeechRecognitionUsageDescription = "需要麦克风权限来进行语音输入";
				"INFOPLIST_KEY_UIApplicationSceneManifest_Generation[sdk=iphoneos*]" = YES;
				"INFOPLIST_KEY_UIApplicationSceneManifest_Generation[sdk=iphonesimulator*]" = YES;
				"INFOPLIST_KEY_UIApplicationSupportsIndirectInputEvents[sdk=iphoneos*]" = YES;
				"INFOPLIST_KEY_UIApplicationSupportsIndirectInputEvents[sdk=iphonesimulator*]" = YES;
				"INFOPLIST_KEY_UILaunchScreen_Generation[sdk=iphoneos*]" = YES;
				"INFOPLIST_KEY_UILaunchScreen_Generation[sdk=iphonesimulator*]" = YES;
				"INFOPLIST_KEY_UIStatusBarStyle[sdk=iphoneos*]" = UIStatusBarStyleDefault;
				"INFOPLIST_KEY_UIStatusBarStyle[sdk=iphonesimulator*]" = UIStatusBarStyleDefault;
				INFOPLIST_KEY_UISupportedInterfaceOrientations_iPad = "UIInterfaceOrientationPortrait UIInterfaceOrientationPortraitUpsideDown UIInterfaceOrientationLandscapeLeft UIInterfaceOrientationLandscapeRight";
				INFOPLIST_KEY_UISupportedInterfaceOrientations_iPhone = "UIInterfaceOrientationPortrait UIInterfaceOrientationLandscapeLeft UIInterfaceOrientationLandscapeRight";
				IPHONEOS_DEPLOYMENT_TARGET = 26.2;
				LD_RUNPATH_SEARCH_PATHS = "@executable_path/Frameworks";
				"LD_RUNPATH_SEARCH_PATHS[sdk=macosx*]" = "@executable_path/../Frameworks";
				MACOSX_DEPLOYMENT_TARGET = 26.2;
				MARKETING_VERSION = 1.0;
				PRODUCT_BUNDLE_IDENTIFIER = "Alex.openclaw-deck-swift";
				PRODUCT_NAME = "$(TARGET_NAME)";
				REGISTER_APP_GROUPS = YES;
				SDKROOT = auto;
				STRING_CATALOG_GENERATE_SYMBOLS = YES;
				SUPPORTED_PLATFORMS = "iphoneos iphonesimulator macosx xros xrsimulator";
				SWIFT_APPROACHABLE_CONCURRENCY = YES;
				SWIFT_DEFAULT_ACTOR_ISOLATION = MainActor;
				SWIFT_EMIT_LOC_STRINGS = YES;
				SWIFT_UPCOMING_FEATURE_MEMBER_IMPORT_VISIBILITY = YES;
				SWIFT_VERSION = 5.0;
				TARGETED_DEVICE_FAMILY = "1,2,7";
				XROS_DEPLOYMENT_TARGET = 26.2;
			};
			name = Release;
		};
		58399AB12F4C9060008689AD /* Debug */ = {
			isa = XCBuildConfiguration;
			buildSettings = {
				BUNDLE_LOADER = "$(TEST_HOST)";
				CODE_SIGN_STYLE = Automatic;
				CURRENT_PROJECT_VERSION = 1;
				DEVELOPMENT_TEAM = 63F2TW9G35;
				GCC_PREPROCESSOR_DEFINITIONS = (
					"TEST=1",
					"$(inherited)",
				);
				INFOPLIST_KEY_NSBonjourServices = "_openclaw-gw._tcp";
				INFOPLIST_KEY_NSLocalNetworkUsageDescription = "需要发现局域网内的 OpenClaw Gateway";
				IPHONEOS_DEPLOYMENT_TARGET = 26.2;
				MACOSX_DEPLOYMENT_TARGET = 26.2;
				MARKETING_VERSION = 1.0;
				PRODUCT_BUNDLE_IDENTIFIER = "Alex.openclaw-deck-swiftTests";
				PRODUCT_NAME = "$(TARGET_NAME)";
				SDKROOT = auto;
				STRING_CATALOG_GENERATE_SYMBOLS = NO;
				SUPPORTED_PLATFORMS = "iphoneos iphonesimulator macosx xros xrsimulator";
				SWIFT_APPROACHABLE_CONCURRENCY = YES;
				SWIFT_EMIT_LOC_STRINGS = NO;
				SWIFT_UPCOMING_FEATURE_MEMBER_IMPORT_VISIBILITY = YES;
				SWIFT_VERSION = 5.0;
				TARGETED_DEVICE_FAMILY = "1,2,7";
				TEST_HOST = "$(BUILT_PRODUCTS_DIR)/openclaw-deck-swift.app/$(BUNDLE_EXECUTABLE_FOLDER_PATH)/openclaw-deck-swift";
				XROS_DEPLOYMENT_TARGET = 26.2;
			};
			name = Debug;
		};
		58399AB22F4C9060008689AD /* Release */ = {
			isa = XCBuildConfiguration;
			buildSettings = {
				BUNDLE_LOADER = "$(TEST_HOST)";
				CODE_SIGN_STYLE = Automatic;
				CURRENT_PROJECT_VERSION = 1;
				DEVELOPMENT_TEAM = 63F2TW9G35;
				GCC_PREPROCESSOR_DEFINITIONS = (
					"TEST=1",
					"$(inherited)",
				);
				INFOPLIST_KEY_NSBonjourServices = "_openclaw-gw._tcp";
				INFOPLIST_KEY_NSLocalNetworkUsageDescription = "需要发现局域网内的 OpenClaw Gateway";
				IPHONEOS_DEPLOYMENT_TARGET = 26.2;
				MACOSX_DEPLOYMENT_TARGET = 26.2;
				MARKETING_VERSION = 1.0;
				PRODUCT_BUNDLE_IDENTIFIER = "Alex.openclaw-deck-swiftTests";
				PRODUCT_NAME = "$(TARGET_NAME)";
				SDKROOT = auto;
				STRING_CATALOG_GENERATE_SYMBOLS = NO;
				SUPPORTED_PLATFORMS = "iphoneos iphonesimulator macosx xros xrsimulator";
				SWIFT_APPROACHABLE_CONCURRENCY = YES;
				SWIFT_EMIT_LOC_STRINGS = NO;
				SWIFT_UPCOMING_FEATURE_MEMBER_IMPORT_VISIBILITY = YES;
				SWIFT_VERSION = 5.0;
				TARGETED_DEVICE_FAMILY = "1,2,7";
				TEST_HOST = "$(BUILT_PRODUCTS_DIR)/openclaw-deck-swift.app/$(BUNDLE_EXECUTABLE_FOLDER_PATH)/openclaw-deck-swift";
				XROS_DEPLOYMENT_TARGET = 26.2;
			};
			name = Release;
		};
		58399AB42F4C9060008689AD /* Debug */ = {
			isa = XCBuildConfiguration;
			buildSettings = {
				CODE_SIGN_STYLE = Automatic;
				CURRENT_PROJECT_VERSION = 1;
				DEVELOPMENT_TEAM = 63F2TW9G35;
				INFOPLIST_KEY_NSBonjourServices = "_openclaw-gw._tcp";
				INFOPLIST_KEY_NSLocalNetworkUsageDescription = "需要发现局域网内的 OpenClaw Gateway";
				IPHONEOS_DEPLOYMENT_TARGET = 26.2;
				MACOSX_DEPLOYMENT_TARGET = 26.2;
				MARKETING_VERSION = 1.0;
				PRODUCT_BUNDLE_IDENTIFIER = "Alex.openclaw-deck-swiftUITests";
				PRODUCT_NAME = "$(TARGET_NAME)";
				SDKROOT = auto;
				STRING_CATALOG_GENERATE_SYMBOLS = NO;
				SUPPORTED_PLATFORMS = "iphoneos iphonesimulator macosx xros xrsimulator";
				SWIFT_APPROACHABLE_CONCURRENCY = YES;
				SWIFT_EMIT_LOC_STRINGS = NO;
				SWIFT_UPCOMING_FEATURE_MEMBER_IMPORT_VISIBILITY = YES;
				SWIFT_VERSION = 5.0;
				TARGETED_DEVICE_FAMILY = "1,2,7";
				TEST_TARGET_NAME = "openclaw-deck-swift";
				XROS_DEPLOYMENT_TARGET = 26.2;
			};
			name = Debug;
		};
		58399AB52F4C9060008689AD /* Release */ = {
			isa = XCBuildConfiguration;
			buildSettings = {
				CODE_SIGN_STYLE = Automatic;
				CURRENT_PROJECT_VERSION = 1;
				DEVELOPMENT_TEAM = 63F2TW9G35;
				INFOPLIST_KEY_NSBonjourServices = "_openclaw-gw._tcp";
				INFOPLIST_KEY_NSLocalNetworkUsageDescription = "需要发现局域网内的 OpenClaw Gateway";
				IPHONEOS_DEPLOYMENT_TARGET = 26.2;
				MACOSX_DEPLOYMENT_TARGET = 26.2;
				MARKETING_VERSION = 1.0;
				PRODUCT_BUNDLE_IDENTIFIER = "Alex.openclaw-deck-swiftUITests";
				PRODUCT_NAME = "$(TARGET_NAME)";
				SDKROOT = auto;
				STRING_CATALOG_GENERATE_SYMBOLS = NO;
				SUPPORTED_PLATFORMS = "iphoneos iphonesimulator macosx xros xrsimulator";
				SWIFT_APPROACHABLE_CONCURRENCY = YES;
				SWIFT_EMIT_LOC_STRINGS = NO;
				SWIFT_UPCOMING_FEATURE_MEMBER_IMPORT_VISIBILITY = YES;
				SWIFT_VERSION = 5.0;
				TARGETED_DEVICE_FAMILY = "1,2,7";
				TEST_TARGET_NAME = "openclaw-deck-swift";
				XROS_DEPLOYMENT_TARGET = 26.2;
			};
			name = Release;
		};
/* End XCBuildConfiguration section */

/* Begin XCConfigurationList section */
		58399A852F4C9059008689AD /* Build configuration list for PBXProject "openclaw-deck-swift" */ = {
			isa = XCConfigurationList;
			buildConfigurations = (
				58399AAB2F4C9060008689AD /* Debug */,
				58399AAC2F4C9060008689AD /* Release */,
			);
			defaultConfigurationIsVisible = 0;
			defaultConfigurationName = Release;
		};
		58399AAD2F4C9060008689AD /* Build configuration list for PBXNativeTarget "openclaw-deck-swift" */ = {
			isa = XCConfigurationList;
			buildConfigurations = (
				58399AAE2F4C9060008689AD /* Debug */,
				58399AAF2F4C9060008689AD /* Release */,
			);
			defaultConfigurationIsVisible = 0;
			defaultConfigurationName = Release;
		};
		58399AB02F4C9060008689AD /* Build configuration list for PBXNativeTarget "openclaw-deck-swiftTests" */ = {
			isa = XCConfigurationList;
			buildConfigurations = (
				58399AB12F4C9060008689AD /* Debug */,
				58399AB22F4C9060008689AD /* Release */,
			);
			defaultConfigurationIsVisible = 0;
			defaultConfigurationName = Release;
		};
		58399AB32F4C9060008689AD /* Build configuration list for PBXNativeTarget "openclaw-deck-swiftUITests" */ = {
			isa = XCConfigurationList;
			buildConfigurations = (
				58399AB42F4C9060008689AD /* Debug */,
				58399AB52F4C9060008689AD /* Release */,
			);
			defaultConfigurationIsVisible = 0;
			defaultConfigurationName = Release;
		};
/* End XCConfigurationList section */

/* Begin XCRemoteSwiftPackageReference section */
		58399B042F4C9274008689AD /* XCRemoteSwiftPackageReference "MarkdownView" */ = {
			isa = XCRemoteSwiftPackageReference;
			repositoryURL = "https://github.com/LiYanan2004/MarkdownView.git";
			requirement = {
				kind = exactVersion;
				version = 2.5.2;
			};
		};
		5864EFE62F516FFA004FCE4C /* XCRemoteSwiftPackageReference "swift-markdown-ui" */ = {
			isa = XCRemoteSwiftPackageReference;
			repositoryURL = "https://github.com/gonzalezreal/swift-markdown-ui";
			requirement = {
				kind = upToNextMajorVersion;
				minimumVersion = 2.4.1;
			};
		};
/* End XCRemoteSwiftPackageReference section */

/* Begin XCSwiftPackageProductDependency section */
		58399B052F4C9274008689AD /* MarkdownView */ = {
			isa = XCSwiftPackageProductDependency;
			package = 58399B042F4C9274008689AD /* XCRemoteSwiftPackageReference "MarkdownView" */;
			productName = MarkdownView;
		};
		5864EFE72F516FFA004FCE4C /* MarkdownUI */ = {
			isa = XCSwiftPackageProductDependency;
			package = 5864EFE62F516FFA004FCE4C /* XCRemoteSwiftPackageReference "swift-markdown-ui" */;
			productName = MarkdownUI;
		};
/* End XCSwiftPackageProductDependency section */
	};
	rootObject = 58399A822F4C9059008689AD /* Project object */;
}
